// !$*UTF8*$!
{
	archiveVersion = 1;
	classes = {
	};
	objectVersion = 56;
	objects = {

/* Begin PBXBuildFile section */
		AE5CBB312A49585F00147044 /* AppDelegate.swift in Sources */ = {isa = PBXBuildFile; fileRef = AE5CBB302A49585F00147044 /* AppDelegate.swift */; };
		AE5CBB332A49585F00147044 /* SceneDelegate.swift in Sources */ = {isa = PBXBuildFile; fileRef = AE5CBB322A49585F00147044 /* SceneDelegate.swift */; };
		AE5CBB352A49585F00147044 /* ViewController.swift in Sources */ = {isa = PBXBuildFile; fileRef = AE5CBB342A49585F00147044 /* ViewController.swift */; };
		AE5CBB382A49585F00147044 /* Main.storyboard in Resources */ = {isa = PBXBuildFile; fileRef = AE5CBB362A49585F00147044 /* Main.storyboard */; };
		AE5CBB3A2A49586000147044 /* Assets.xcassets in Resources */ = {isa = PBXBuildFile; fileRef = AE5CBB392A49586000147044 /* Assets.xcassets */; };
		AE5CBB3D2A49586000147044 /* LaunchScreen.storyboard in Resources */ = {isa = PBXBuildFile; fileRef = AE5CBB3B2A49586000147044 /* LaunchScreen.storyboard */; };
		AE5CBB482A49586000147044 /* tmdb_uikitTests.swift in Sources */ = {isa = PBXBuildFile; fileRef = AE5CBB472A49586000147044 /* tmdb_uikitTests.swift */; };
		AE5CBB522A49586000147044 /* tmdb_uikitUITests.swift in Sources */ = {isa = PBXBuildFile; fileRef = AE5CBB512A49586000147044 /* tmdb_uikitUITests.swift */; };
		AE5CBB542A49586000147044 /* tmdb_uikitUITestsLaunchTests.swift in Sources */ = {isa = PBXBuildFile; fileRef = AE5CBB532A49586000147044 /* tmdb_uikitUITestsLaunchTests.swift */; };
		AE5CBB612A49587E00147044 /* Model.swift in Sources */ = {isa = PBXBuildFile; fileRef = AE5CBB602A49587E00147044 /* Model.swift */; };
		AE5CBB632A49596B00147044 /* apiService.swift in Sources */ = {isa = PBXBuildFile; fileRef = AE5CBB622A49596B00147044 /* apiService.swift */; };
		AE5CBB652A495D1B00147044 /* MovieViewModel.swift in Sources */ = {isa = PBXBuildFile; fileRef = AE5CBB642A495D1B00147044 /* MovieViewModel.swift */; };
/* End PBXBuildFile section */

/* Begin PBXContainerItemProxy section */
		AE5CBB442A49586000147044 /* PBXContainerItemProxy */ = {
			isa = PBXContainerItemProxy;
			containerPortal = AE5CBB252A49585F00147044 /* Project object */;
			proxyType = 1;
			remoteGlobalIDString = AE5CBB2C2A49585F00147044;
			remoteInfo = tmdb_uikit;
		};
		AE5CBB4E2A49586000147044 /* PBXContainerItemProxy */ = {
			isa = PBXContainerItemProxy;
			containerPortal = AE5CBB252A49585F00147044 /* Project object */;
			proxyType = 1;
			remoteGlobalIDString = AE5CBB2C2A49585F00147044;
			remoteInfo = tmdb_uikit;
		};
/* End PBXContainerItemProxy section */

/* Begin PBXFileReference section */
		AE5CBB2D2A49585F00147044 /* tmdb_uikit.app */ = {isa = PBXFileReference; explicitFileType = wrapper.application; includeInIndex = 0; path = tmdb_uikit.app; sourceTree = BUILT_PRODUCTS_DIR; };
		AE5CBB302A49585F00147044 /* AppDelegate.swift */ = {isa = PBXFileReference; lastKnownFileType = sourcecode.swift; path = AppDelegate.swift; sourceTree = "<group>"; };
		AE5CBB322A49585F00147044 /* SceneDelegate.swift */ = {isa = PBXFileReference; lastKnownFileType = sourcecode.swift; path = SceneDelegate.swift; sourceTree = "<group>"; };
		AE5CBB342A49585F00147044 /* ViewController.swift */ = {isa = PBXFileReference; lastKnownFileType = sourcecode.swift; path = ViewController.swift; sourceTree = "<group>"; };
		AE5CBB372A49585F00147044 /* Base */ = {isa = PBXFileReference; lastKnownFileType = file.storyboard; name = Base; path = Base.lproj/Main.storyboard; sourceTree = "<group>"; };
		AE5CBB392A49586000147044 /* Assets.xcassets */ = {isa = PBXFileReference; lastKnownFileType = folder.assetcatalog; path = Assets.xcassets; sourceTree = "<group>"; };
		AE5CBB3C2A49586000147044 /* Base */ = {isa = PBXFileReference; lastKnownFileType = file.storyboard; name = Base; path = Base.lproj/LaunchScreen.storyboard; sourceTree = "<group>"; };
		AE5CBB3E2A49586000147044 /* Info.plist */ = {isa = PBXFileReference; lastKnownFileType = text.plist.xml; path = Info.plist; sourceTree = "<group>"; };
		AE5CBB432A49586000147044 /* tmdb_uikitTests.xctest */ = {isa = PBXFileReference; explicitFileType = wrapper.cfbundle; includeInIndex = 0; path = tmdb_uikitTests.xctest; sourceTree = BUILT_PRODUCTS_DIR; };
		AE5CBB472A49586000147044 /* tmdb_uikitTests.swift */ = {isa = PBXFileReference; lastKnownFileType = sourcecode.swift; path = tmdb_uikitTests.swift; sourceTree = "<group>"; };
		AE5CBB4D2A49586000147044 /* tmdb_uikitUITests.xctest */ = {isa = PBXFileReference; explicitFileType = wrapper.cfbundle; includeInIndex = 0; path = tmdb_uikitUITests.xctest; sourceTree = BUILT_PRODUCTS_DIR; };
		AE5CBB512A49586000147044 /* tmdb_uikitUITests.swift */ = {isa = PBXFileReference; lastKnownFileType = sourcecode.swift; path = tmdb_uikitUITests.swift; sourceTree = "<group>"; };
		AE5CBB532A49586000147044 /* tmdb_uikitUITestsLaunchTests.swift */ = {isa = PBXFileReference; lastKnownFileType = sourcecode.swift; path = tmdb_uikitUITestsLaunchTests.swift; sourceTree = "<group>"; };
		AE5CBB602A49587E00147044 /* Model.swift */ = {isa = PBXFileReference; lastKnownFileType = sourcecode.swift; path = Model.swift; sourceTree = "<group>"; };
		AE5CBB622A49596B00147044 /* apiService.swift */ = {isa = PBXFileReference; lastKnownFileType = sourcecode.swift; path = apiService.swift; sourceTree = "<group>"; };
		AE5CBB642A495D1B00147044 /* MovieViewModel.swift */ = {isa = PBXFileReference; lastKnownFileType = sourcecode.swift; path = MovieViewModel.swift; sourceTree = "<group>"; };
/* End PBXFileReference section */

/* Begin PBXFrameworksBuildPhase section */
		AE5CBB2A2A49585F00147044 /* Frameworks */ = {
			isa = PBXFrameworksBuildPhase;
			buildActionMask = 2147483647;
			files = (
			);
			runOnlyForDeploymentPostprocessing = 0;
		};
		AE5CBB402A49586000147044 /* Frameworks */ = {
			isa = PBXFrameworksBuildPhase;
			buildActionMask = 2147483647;
			files = (
			);
			runOnlyForDeploymentPostprocessing = 0;
		};
		AE5CBB4A2A49586000147044 /* Frameworks */ = {
			isa = PBXFrameworksBuildPhase;
			buildActionMask = 2147483647;
			files = (
			);
			runOnlyForDeploymentPostprocessing = 0;
		};
/* End PBXFrameworksBuildPhase section */

/* Begin PBXGroup section */
		AE5CBB242A49585F00147044 = {
			isa = PBXGroup;
			children = (
				AE5CBB2F2A49585F00147044 /* tmdb_uikit */,
				AE5CBB462A49586000147044 /* tmdb_uikitTests */,
				AE5CBB502A49586000147044 /* tmdb_uikitUITests */,
				AE5CBB2E2A49585F00147044 /* Products */,
			);
			sourceTree = "<group>";
		};
		AE5CBB2E2A49585F00147044 /* Products */ = {
			isa = PBXGroup;
			children = (
				AE5CBB2D2A49585F00147044 /* tmdb_uikit.app */,
				AE5CBB432A49586000147044 /* tmdb_uikitTests.xctest */,
				AE5CBB4D2A49586000147044 /* tmdb_uikitUITests.xctest */,
			);
			name = Products;
			sourceTree = "<group>";
		};
		AE5CBB2F2A49585F00147044 /* tmdb_uikit */ = {
			isa = PBXGroup;
			children = (
				AE5CBB302A49585F00147044 /* AppDelegate.swift */,
				AE5CBB322A49585F00147044 /* SceneDelegate.swift */,
				AE5CBB342A49585F00147044 /* ViewController.swift */,
				AE5CBB362A49585F00147044 /* Main.storyboard */,
				AE5CBB392A49586000147044 /* Assets.xcassets */,
				AE5CBB3B2A49586000147044 /* LaunchScreen.storyboard */,
				AE5CBB3E2A49586000147044 /* Info.plist */,
				AE5CBB602A49587E00147044 /* Model.swift */,
				AE5CBB622A49596B00147044 /* apiService.swift */,
				AE5CBB642A495D1B00147044 /* MovieViewModel.swift */,
			);
			path = tmdb_uikit;
			sourceTree = "<group>";
		};
		AE5CBB462A49586000147044 /* tmdb_uikitTests */ = {
			isa = PBXGroup;
			children = (
				AE5CBB472A49586000147044 /* tmdb_uikitTests.swift */,
			);
			path = tmdb_uikitTests;
			sourceTree = "<group>";
		};
		AE5CBB502A49586000147044 /* tmdb_uikitUITests */ = {
			isa = PBXGroup;
			children = (
				AE5CBB512A49586000147044 /* tmdb_uikitUITests.swift */,
				AE5CBB532A49586000147044 /* tmdb_uikitUITestsLaunchTests.swift */,
			);
			path = tmdb_uikitUITests;
			sourceTree = "<group>";
		};
/* End PBXGroup section */

/* Begin PBXNativeTarget section */
		AE5CBB2C2A49585F00147044 /* tmdb_uikit */ = {
			isa = PBXNativeTarget;
			buildConfigurationList = AE5CBB572A49586000147044 /* Build configuration list for PBXNativeTarget "tmdb_uikit" */;
			buildPhases = (
				AE5CBB292A49585F00147044 /* Sources */,
				AE5CBB2A2A49585F00147044 /* Frameworks */,
				AE5CBB2B2A49585F00147044 /* Resources */,
			);
			buildRules = (
			);
			dependencies = (
			);
			name = tmdb_uikit;
			productName = tmdb_uikit;
			productReference = AE5CBB2D2A49585F00147044 /* tmdb_uikit.app */;
			productType = "com.apple.product-type.application";
		};
		AE5CBB422A49586000147044 /* tmdb_uikitTests */ = {
			isa = PBXNativeTarget;
			buildConfigurationList = AE5CBB5A2A49586000147044 /* Build configuration list for PBXNativeTarget "tmdb_uikitTests" */;
			buildPhases = (
				AE5CBB3F2A49586000147044 /* Sources */,
				AE5CBB402A49586000147044 /* Frameworks */,
				AE5CBB412A49586000147044 /* Resources */,
			);
			buildRules = (
			);
			dependencies = (
				AE5CBB452A49586000147044 /* PBXTargetDependency */,
			);
			name = tmdb_uikitTests;
			productName = tmdb_uikitTests;
			productReference = AE5CBB432A49586000147044 /* tmdb_uikitTests.xctest */;
			productType = "com.apple.product-type.bundle.unit-test";
		};
		AE5CBB4C2A49586000147044 /* tmdb_uikitUITests */ = {
			isa = PBXNativeTarget;
			buildConfigurationList = AE5CBB5D2A49586000147044 /* Build configuration list for PBXNativeTarget "tmdb_uikitUITests" */;
			buildPhases = (
				AE5CBB492A49586000147044 /* Sources */,
				AE5CBB4A2A49586000147044 /* Frameworks */,
				AE5CBB4B2A49586000147044 /* Resources */,
			);
			buildRules = (
			);
			dependencies = (
				AE5CBB4F2A49586000147044 /* PBXTargetDependency */,
			);
			name = tmdb_uikitUITests;
			productName = tmdb_uikitUITests;
			productReference = AE5CBB4D2A49586000147044 /* tmdb_uikitUITests.xctest */;
			productType = "com.apple.product-type.bundle.ui-testing";
		};
/* End PBXNativeTarget section */

/* Begin PBXProject section */
		AE5CBB252A49585F00147044 /* Project object */ = {
			isa = PBXProject;
			attributes = {
				BuildIndependentTargetsInParallel = 1;
				LastSwiftUpdateCheck = 1430;
				LastUpgradeCheck = 1430;
				TargetAttributes = {
					AE5CBB2C2A49585F00147044 = {
						CreatedOnToolsVersion = 14.3.1;
					};
					AE5CBB422A49586000147044 = {
						CreatedOnToolsVersion = 14.3.1;
						TestTargetID = AE5CBB2C2A49585F00147044;
					};
					AE5CBB4C2A49586000147044 = {
						CreatedOnToolsVersion = 14.3.1;
						TestTargetID = AE5CBB2C2A49585F00147044;
					};
				};
			};
			buildConfigurationList = AE5CBB282A49585F00147044 /* Build configuration list for PBXProject "tmdb_uikit" */;
			compatibilityVersion = "Xcode 14.0";
			developmentRegion = en;
			hasScannedForEncodings = 0;
			knownRegions = (
				en,
				Base,
			);
			mainGroup = AE5CBB242A49585F00147044;
			productRefGroup = AE5CBB2E2A49585F00147044 /* Products */;
			projectDirPath = "";
			projectRoot = "";
			targets = (
				AE5CBB2C2A49585F00147044 /* tmdb_uikit */,
				AE5CBB422A49586000147044 /* tmdb_uikitTests */,
				AE5CBB4C2A49586000147044 /* tmdb_uikitUITests */,
			);
		};
/* End PBXProject section */

/* Begin PBXResourcesBuildPhase section */
		AE5CBB2B2A49585F00147044 /* Resources */ = {
			isa = PBXResourcesBuildPhase;
			buildActionMask = 2147483647;
			files = (
				AE5CBB3D2A49586000147044 /* LaunchScreen.storyboard in Resources */,
				AE5CBB3A2A49586000147044 /* Assets.xcassets in Resources */,
				AE5CBB382A49585F00147044 /* Main.storyboard in Resources */,
			);
			runOnlyForDeploymentPostprocessing = 0;
		};
		AE5CBB412A49586000147044 /* Resources */ = {
			isa = PBXResourcesBuildPhase;
			buildActionMask = 2147483647;
			files = (
			);
			runOnlyForDeploymentPostprocessing = 0;
		};
		AE5CBB4B2A49586000147044 /* Resources */ = {
			isa = PBXResourcesBuildPhase;
			buildActionMask = 2147483647;
			files = (
			);
			runOnlyForDeploymentPostprocessing = 0;
		};
/* End PBXResourcesBuildPhase section */

/* Begin PBXSourcesBuildPhase section */
		AE5CBB292A49585F00147044 /* Sources */ = {
			isa = PBXSourcesBuildPhase;
			buildActionMask = 2147483647;
			files = (
				AE5CBB352A49585F00147044 /* ViewController.swift in Sources */,
				AE5CBB312A49585F00147044 /* AppDelegate.swift in Sources */,
				AE5CBB632A49596B00147044 /* apiService.swift in Sources */,
				AE5CBB332A49585F00147044 /* SceneDelegate.swift in Sources */,
				AE5CBB612A49587E00147044 /* Model.swift in Sources */,
				AE5CBB652A495D1B00147044 /* MovieViewModel.swift in Sources */,
			);
			runOnlyForDeploymentPostprocessing = 0;
		};
		AE5CBB3F2A49586000147044 /* Sources */ = {
			isa = PBXSourcesBuildPhase;
			buildActionMask = 2147483647;
			files = (
				AE5CBB482A49586000147044 /* tmdb_uikitTests.swift in Sources */,
			);
			runOnlyForDeploymentPostprocessing = 0;
		};
		AE5CBB492A49586000147044 /* Sources */ = {
			isa = PBXSourcesBuildPhase;
			buildActionMask = 2147483647;
			files = (
				AE5CBB542A49586000147044 /* tmdb_uikitUITestsLaunchTests.swift in Sources */,
				AE5CBB522A49586000147044 /* tmdb_uikitUITests.swift in Sources */,
			);
			runOnlyForDeploymentPostprocessing = 0;
		};
/* End PBXSourcesBuildPhase section */

/* Begin PBXTargetDependency section */
		AE5CBB452A49586000147044 /* PBXTargetDependency */ = {
			isa = PBXTargetDependency;
			target = AE5CBB2C2A49585F00147044 /* tmdb_uikit */;
			targetProxy = AE5CBB442A49586000147044 /* PBXContainerItemProxy */;
		};
		AE5CBB4F2A49586000147044 /* PBXTargetDependency */ = {
			isa = PBXTargetDependency;
			target = AE5CBB2C2A49585F00147044 /* tmdb_uikit */;
			targetProxy = AE5CBB4E2A49586000147044 /* PBXContainerItemProxy */;
		};
/* End PBXTargetDependency section */

/* Begin PBXVariantGroup section */
		AE5CBB362A49585F00147044 /* Main.storyboard */ = {
			isa = PBXVariantGroup;
			children = (
				AE5CBB372A49585F00147044 /* Base */,
			);
			name = Main.storyboard;
			sourceTree = "<group>";
		};
		AE5CBB3B2A49586000147044 /* LaunchScreen.storyboard */ = {
			isa = PBXVariantGroup;
			children = (
				AE5CBB3C2A49586000147044 /* Base */,
			);
			name = LaunchScreen.storyboard;
			sourceTree = "<group>";
		};
/* End PBXVariantGroup section */

/* Begin XCBuildConfiguration section */
		AE5CBB552A49586000147044 /* Debug */ = {
			isa = XCBuildConfiguration;
			buildSettings = {
				ALWAYS_SEARCH_USER_PATHS = NO;
				CLANG_ANALYZER_NONNULL = YES;
				CLANG_ANALYZER_NUMBER_OBJECT_CONVERSION = YES_AGGRESSIVE;
				CLANG_CXX_LANGUAGE_STANDARD = "gnu++20";
				CLANG_ENABLE_MODULES = YES;
				CLANG_ENABLE_OBJC_ARC = YES;
				CLANG_ENABLE_OBJC_WEAK = YES;
				CLANG_WARN_BLOCK_CAPTURE_AUTORELEASING = YES;
				CLANG_WARN_BOOL_CONVERSION = YES;
				CLANG_WARN_COMMA = YES;
				CLANG_WARN_CONSTANT_CONVERSION = YES;
				CLANG_WARN_DEPRECATED_OBJC_IMPLEMENTATIONS = YES;
				CLANG_WARN_DIRECT_OBJC_ISA_USAGE = YES_ERROR;
				CLANG_WARN_DOCUMENTATION_COMMENTS = YES;
				CLANG_WARN_EMPTY_BODY = YES;
				CLANG_WARN_ENUM_CONVERSION = YES;
				CLANG_WARN_INFINITE_RECURSION = YES;
				CLANG_WARN_INT_CONVERSION = YES;
				CLANG_WARN_NON_LITERAL_NULL_CONVERSION = YES;
				CLANG_WARN_OBJC_IMPLICIT_RETAIN_SELF = YES;
				CLANG_WARN_OBJC_LITERAL_CONVERSION = YES;
				CLANG_WARN_OBJC_ROOT_CLASS = YES_ERROR;
				CLANG_WARN_QUOTED_INCLUDE_IN_FRAMEWORK_HEADER = YES;
				CLANG_WARN_RANGE_LOOP_ANALYSIS = YES;
				CLANG_WARN_STRICT_PROTOTYPES = YES;
				CLANG_WARN_SUSPICIOUS_MOVE = YES;
				CLANG_WARN_UNGUARDED_AVAILABILITY = YES_AGGRESSIVE;
				CLANG_WARN_UNREACHABLE_CODE = YES;
				CLANG_WARN__DUPLICATE_METHOD_MATCH = YES;
				COPY_PHASE_STRIP = NO;
				DEBUG_INFORMATION_FORMAT = dwarf;
				ENABLE_STRICT_OBJC_MSGSEND = YES;
				ENABLE_TESTABILITY = YES;
				GCC_C_LANGUAGE_STANDARD = gnu11;
				GCC_DYNAMIC_NO_PIC = NO;
				GCC_NO_COMMON_BLOCKS = YES;
				GCC_OPTIMIZATION_LEVEL = 0;
				GCC_PREPROCESSOR_DEFINITIONS = (
					"DEBUG=1",
					"$(inherited)",
				);
				GCC_WARN_64_TO_32_BIT_CONVERSION = YES;
				GCC_WARN_ABOUT_RETURN_TYPE = YES_ERROR;
				GCC_WARN_UNDECLARED_SELECTOR = YES;
				GCC_WARN_UNINITIALIZED_AUTOS = YES_AGGRESSIVE;
				GCC_WARN_UNUSED_FUNCTION = YES;
				GCC_WARN_UNUSED_VARIABLE = YES;
				IPHONEOS_DEPLOYMENT_TARGET = 16.4;
				MTL_ENABLE_DEBUG_INFO = INCLUDE_SOURCE;
				MTL_FAST_MATH = YES;
				ONLY_ACTIVE_ARCH = YES;
				SDKROOT = iphoneos;
				SWIFT_ACTIVE_COMPILATION_CONDITIONS = DEBUG;
				SWIFT_OPTIMIZATION_LEVEL = "-Onone";
			};
			name = Debug;
		};
		AE5CBB562A49586000147044 /* Release */ = {
			isa = XCBuildConfiguration;
			buildSettings = {
				ALWAYS_SEARCH_USER_PATHS = NO;
				CLANG_ANALYZER_NONNULL = YES;
				CLANG_ANALYZER_NUMBER_OBJECT_CONVERSION = YES_AGGRESSIVE;
				CLANG_CXX_LANGUAGE_STANDARD = "gnu++20";
				CLANG_ENABLE_MODULES = YES;
				CLANG_ENABLE_OBJC_ARC = YES;
				CLANG_ENABLE_OBJC_WEAK = YES;
				CLANG_WARN_BLOCK_CAPTURE_AUTORELEASING = YES;
				CLANG_WARN_BOOL_CONVERSION = YES;
				CLANG_WARN_COMMA = YES;
				CLANG_WARN_CONSTANT_CONVERSION = YES;
				CLANG_WARN_DEPRECATED_OBJC_IMPLEMENTATIONS = YES;
				CLANG_WARN_DIRECT_OBJC_ISA_USAGE = YES_ERROR;
				CLANG_WARN_DOCUMENTATION_COMMENTS = YES;
				CLANG_WARN_EMPTY_BODY = YES;
				CLANG_WARN_ENUM_CONVERSION = YES;
				CLANG_WARN_INFINITE_RECURSION = YES;
				CLANG_WARN_INT_CONVERSION = YES;
				CLANG_WARN_NON_LITERAL_NULL_CONVERSION = YES;
				CLANG_WARN_OBJC_IMPLICIT_RETAIN_SELF = YES;
				CLANG_WARN_OBJC_LITERAL_CONVERSION = YES;
				CLANG_WARN_OBJC_ROOT_CLASS = YES_ERROR;
				CLANG_WARN_QUOTED_INCLUDE_IN_FRAMEWORK_HEADER = YES;
				CLANG_WARN_RANGE_LOOP_ANALYSIS = YES;
				CLANG_WARN_STRICT_PROTOTYPES = YES;
				CLANG_WARN_SUSPICIOUS_MOVE = YES;
				CLANG_WARN_UNGUARDED_AVAILABILITY = YES_AGGRESSIVE;
				CLANG_WARN_UNREACHABLE_CODE = YES;
				CLANG_WARN__DUPLICATE_METHOD_MATCH = YES;
				COPY_PHASE_STRIP = NO;
				DEBUG_INFORMATION_FORMAT = "dwarf-with-dsym";
				ENABLE_NS_ASSERTIONS = NO;
				ENABLE_STRICT_OBJC_MSGSEND = YES;
				GCC_C_LANGUAGE_STANDARD = gnu11;
				GCC_NO_COMMON_BLOCKS = YES;
				GCC_WARN_64_TO_32_BIT_CONVERSION = YES;
				GCC_WARN_ABOUT_RETURN_TYPE = YES_ERROR;
				GCC_WARN_UNDECLARED_SELECTOR = YES;
				GCC_WARN_UNINITIALIZED_AUTOS = YES_AGGRESSIVE;
				GCC_WARN_UNUSED_FUNCTION = YES;
				GCC_WARN_UNUSED_VARIABLE = YES;
				IPHONEOS_DEPLOYMENT_TARGET = 16.4;
				MTL_ENABLE_DEBUG_INFO = NO;
				MTL_FAST_MATH = YES;
				SDKROOT = iphoneos;
				SWIFT_COMPILATION_MODE = wholemodule;
				SWIFT_OPTIMIZATION_LEVEL = "-O";
				VALIDATE_PRODUCT = YES;
			};
			name = Release;
		};
		AE5CBB582A49586000147044 /* Debug */ = {
			isa = XCBuildConfiguration;
			buildSettings = {
				ASSETCATALOG_COMPILER_APPICON_NAME = AppIcon;
				ASSETCATALOG_COMPILER_GLOBAL_ACCENT_COLOR_NAME = AccentColor;
				CODE_SIGN_STYLE = Automatic;
				CURRENT_PROJECT_VERSION = 1;
				GENERATE_INFOPLIST_FILE = YES;
				INFOPLIST_FILE = tmdb_uikit/Info.plist;
				INFOPLIST_KEY_UIApplicationSupportsIndirectInputEvents = YES;
				INFOPLIST_KEY_UILaunchStoryboardName = LaunchScreen;
				INFOPLIST_KEY_UIMainStoryboardFile = Main;
				INFOPLIST_KEY_UISupportedInterfaceOrientations_iPad = "UIInterfaceOrientationPortrait UIInterfaceOrientationPortraitUpsideDown UIInterfaceOrientationLandscapeLeft UIInterfaceOrientationLandscapeRight";
				INFOPLIST_KEY_UISupportedInterfaceOrientations_iPhone = "UIInterfaceOrientationPortrait UIInterfaceOrientationLandscapeLeft UIInterfaceOrientationLandscapeRight";
				LD_RUNPATH_SEARCH_PATHS = (
					"$(inherited)",
					"@executable_path/Frameworks",
				);
				MARKETING_VERSION = 1.0;
				PRODUCT_BUNDLE_IDENTIFIER = "yun.academy.tmdb-uikit";
				PRODUCT_NAME = "$(TARGET_NAME)";
				SWIFT_EMIT_LOC_STRINGS = YES;
				SWIFT_VERSION = 5.0;
				TARGETED_DEVICE_FAMILY = "1,2";
			};
			name = Debug;
		};
		AE5CBB592A49586000147044 /* Release */ = {
			isa = XCBuildConfiguration;
			buildSettings = {
				ASSETCATALOG_COMPILER_APPICON_NAME = AppIcon;
				ASSETCATALOG_COMPILER_GLOBAL_ACCENT_COLOR_NAME = AccentColor;
				CODE_SIGN_STYLE = Automatic;
				CURRENT_PROJECT_VERSION = 1;
				GENERATE_INFOPLIST_FILE = YES;
				INFOPLIST_FILE = tmdb_uikit/Info.plist;
				INFOPLIST_KEY_UIApplicationSupportsIndirectInputEvents = YES;
				INFOPLIST_KEY_UILaunchStoryboardName = LaunchScreen;
				INFOPLIST_KEY_UIMainStoryboardFile = Main;
				INFOPLIST_KEY_UISupportedInterfaceOrientations_iPad = "UIInterfaceOrientationPortrait UIInterfaceOrientationPortraitUpsideDown UIInterfaceOrientationLandscapeLeft UIInterfaceOrientationLandscapeRight";
				INFOPLIST_KEY_UISupportedInterfaceOrientations_iPhone = "UIInterfaceOrientationPortrait UIInterfaceOrientationLandscapeLeft UIInterfaceOrientationLandscapeRight";
				LD_RUNPATH_SEARCH_PATHS = (
					"$(inherited)",
					"@executable_path/Frameworks",
				);
				MARKETING_VERSION = 1.0;
				PRODUCT_BUNDLE_IDENTIFIER = "yun.academy.tmdb-uikit";
				PRODUCT_NAME = "$(TARGET_NAME)";
				SWIFT_EMIT_LOC_STRINGS = YES;
				SWIFT_VERSION = 5.0;
				TARGETED_DEVICE_FAMILY = "1,2";
			};
			name = Release;
		};
		AE5CBB5B2A49586000147044 /* Debug */ = {
			isa = XCBuildConfiguration;
			buildSettings = {
				ALWAYS_EMBED_SWIFT_STANDARD_LIBRARIES = YES;
				BUNDLE_LOADER = "$(TEST_HOST)";
				CODE_SIGN_STYLE = Automatic;
				CURRENT_PROJECT_VERSION = 1;
				GENERATE_INFOPLIST_FILE = YES;
				IPHONEOS_DEPLOYMENT_TARGET = 16.4;
				MARKETING_VERSION = 1.0;
				PRODUCT_BUNDLE_IDENTIFIER = "yun.academy.tmdb-uikitTests";
				PRODUCT_NAME = "$(TARGET_NAME)";
				SWIFT_EMIT_LOC_STRINGS = NO;
				SWIFT_VERSION = 5.0;
				TARGETED_DEVICE_FAMILY = "1,2";
				TEST_HOST = "$(BUILT_PRODUCTS_DIR)/tmdb_uikit.app/$(BUNDLE_EXECUTABLE_FOLDER_PATH)/tmdb_uikit";
			};
			name = Debug;
		};
		AE5CBB5C2A49586000147044 /* Release */ = {
			isa = XCBuildConfiguration;
			buildSettings = {
				ALWAYS_EMBED_SWIFT_STANDARD_LIBRARIES = YES;
				BUNDLE_LOADER = "$(TEST_HOST)";
				CODE_SIGN_STYLE = Automatic;
				CURRENT_PROJECT_VERSION = 1;
				GENERATE_INFOPLIST_FILE = YES;
				IPHONEOS_DEPLOYMENT_TARGET = 16.4;
				MARKETING_VERSION = 1.0;
				PRODUCT_BUNDLE_IDENTIFIER = "yun.academy.tmdb-uikitTests";
				PRODUCT_NAME = "$(TARGET_NAME)";
				SWIFT_EMIT_LOC_STRINGS = NO;
				SWIFT_VERSION = 5.0;
				TARGETED_DEVICE_FAMILY = "1,2";
				TEST_HOST = "$(BUILT_PRODUCTS_DIR)/tmdb_uikit.app/$(BUNDLE_EXECUTABLE_FOLDER_PATH)/tmdb_uikit";
			};
			name = Release;
		};
		AE5CBB5E2A49586000147044 /* Debug */ = {
			isa = XCBuildConfiguration;
			buildSettings = {
				ALWAYS_EMBED_SWIFT_STANDARD_LIBRARIES = YES;
				CODE_SIGN_STYLE = Automatic;
				CURRENT_PROJECT_VERSION = 1;
				GENERATE_INFOPLIST_FILE = YES;
				MARKETING_VERSION = 1.0;
				PRODUCT_BUNDLE_IDENTIFIER = "yun.academy.tmdb-uikitUITests";
				PRODUCT_NAME = "$(TARGET_NAME)";
				SWIFT_EMIT_LOC_STRINGS = NO;
				SWIFT_VERSION = 5.0;
				TARGETED_DEVICE_FAMILY = "1,2";
				TEST_TARGET_NAME = tmdb_uikit;
			};
			name = Debug;
		};
		AE5CBB5F2A49586000147044 /* Release */ = {
			isa = XCBuildConfiguration;
			buildSettings = {
				ALWAYS_EMBED_SWIFT_STANDARD_LIBRARIES = YES;
				CODE_SIGN_STYLE = Automatic;
				CURRENT_PROJECT_VERSION = 1;
				GENERATE_INFOPLIST_FILE = YES;
				MARKETING_VERSION = 1.0;
				PRODUCT_BUNDLE_IDENTIFIER = "yun.academy.tmdb-uikitUITests";
				PRODUCT_NAME = "$(TARGET_NAME)";
				SWIFT_EMIT_LOC_STRINGS = NO;
				SWIFT_VERSION = 5.0;
				TARGETED_DEVICE_FAMILY = "1,2";
				TEST_TARGET_NAME = tmdb_uikit;
			};
			name = Release;
		};
/* End XCBuildConfiguration section */

/* Begin XCConfigurationList section */
		AE5CBB282A49585F00147044 /* Build configuration list for PBXProject "tmdb_uikit" */ = {
			isa = XCConfigurationList;
			buildConfigurations = (
				AE5CBB552A49586000147044 /* Debug */,
				AE5CBB562A49586000147044 /* Release */,
			);
			defaultConfigurationIsVisible = 0;
			defaultConfigurationName = Release;
		};
		AE5CBB572A49586000147044 /* Build configuration list for PBXNativeTarget "tmdb_uikit" */ = {
			isa = XCConfigurationList;
			buildConfigurations = (
				AE5CBB582A49586000147044 /* Debug */,
				AE5CBB592A49586000147044 /* Release */,
			);
			defaultConfigurationIsVisible = 0;
			defaultConfigurationName = Release;
		};
		AE5CBB5A2A49586000147044 /* Build configuration list for PBXNativeTarget "tmdb_uikitTests" */ = {
			isa = XCConfigurationList;
			buildConfigurations = (
				AE5CBB5B2A49586000147044 /* Debug */,
				AE5CBB5C2A49586000147044 /* Release */,
			);
			defaultConfigurationIsVisible = 0;
			defaultConfigurationName = Release;
		};
		AE5CBB5D2A49586000147044 /* Build configuration list for PBXNativeTarget "tmdb_uikitUITests" */ = {
			isa = XCConfigurationList;
			buildConfigurations = (
				AE5CBB5E2A49586000147044 /* Debug */,
				AE5CBB5F2A49586000147044 /* Release */,
			);
			defaultConfigurationIsVisible = 0;
			defaultConfigurationName = Release;
		};
/* End XCConfigurationList section */
	};
	rootObject = AE5CBB252A49585F00147044 /* Project object */;
}
