// !$*UTF8*$!
{
	archiveVersion = 1;
	classes = {
	};
	objectVersion = 56;
	objects = {

/* Begin PBXBuildFile section */
		AE48DE772A660B2D00BB9CA7 /* AppDelegate.swift in Sources */ = {isa = PBXBuildFile; fileRef = AE48DE762A660B2D00BB9CA7 /* AppDelegate.swift */; };
		AE48DE802A660B2E00BB9CA7 /* Assets.xcassets in Resources */ = {isa = PBXBuildFile; fileRef = AE48DE7F2A660B2E00BB9CA7 /* Assets.xcassets */; };
		AE48DE832A660B2E00BB9CA7 /* LaunchScreen.storyboard in Resources */ = {isa = PBXBuildFile; fileRef = AE48DE812A660B2E00BB9CA7 /* LaunchScreen.storyboard */; };
		AE48DE8E2A660B2F00BB9CA7 /* AdvancedCoordinatorTests.swift in Sources */ = {isa = PBXBuildFile; fileRef = AE48DE8D2A660B2F00BB9CA7 /* AdvancedCoordinatorTests.swift */; };
		AE48DE982A660B2F00BB9CA7 /* AdvancedCoordinatorUITests.swift in Sources */ = {isa = PBXBuildFile; fileRef = AE48DE972A660B2F00BB9CA7 /* AdvancedCoordinatorUITests.swift */; };
		AE48DE9A2A660B2F00BB9CA7 /* AdvancedCoordinatorUITestsLaunchTests.swift in Sources */ = {isa = PBXBuildFile; fileRef = AE48DE992A660B2F00BB9CA7 /* AdvancedCoordinatorUITestsLaunchTests.swift */; };
		AE8510312A67628C000467C2 /* SceneDelegate.swift in Sources */ = {isa = PBXBuildFile; fileRef = AE8510302A67628C000467C2 /* SceneDelegate.swift */; };
		AEABE6452A666CB400DD2F9A /* CoordinatorProtocol.swift in Sources */ = {isa = PBXBuildFile; fileRef = AEABE6442A666CB400DD2F9A /* CoordinatorProtocol.swift */; };
		AEABE6472A66700500DD2F9A /* AppCoordinator.swift in Sources */ = {isa = PBXBuildFile; fileRef = AEABE6462A66700500DD2F9A /* AppCoordinator.swift */; };
		AEABE64B2A66780500DD2F9A /* LoginViewController.swift in Sources */ = {isa = PBXBuildFile; fileRef = AEABE64A2A66780500DD2F9A /* LoginViewController.swift */; };
		AEABE64E2A66782400DD2F9A /* LoginCoordinator.swift in Sources */ = {isa = PBXBuildFile; fileRef = AEABE64D2A66782400DD2F9A /* LoginCoordinator.swift */; };
		AEABE6512A66C5CF00DD2F9A /* TabCoordinator.swift in Sources */ = {isa = PBXBuildFile; fileRef = AEABE6502A66C5CF00DD2F9A /* TabCoordinator.swift */; };
		AEABE6532A66D1B500DD2F9A /* SteadyViewController.swift in Sources */ = {isa = PBXBuildFile; fileRef = AEABE6522A66D1B500DD2F9A /* SteadyViewController.swift */; };
		AEABE6552A66D1C400DD2F9A /* ReadyViewController.swift in Sources */ = {isa = PBXBuildFile; fileRef = AEABE6542A66D1C400DD2F9A /* ReadyViewController.swift */; };
		AEABE6572A66D1D400DD2F9A /* GoViewController.swift in Sources */ = {isa = PBXBuildFile; fileRef = AEABE6562A66D1D400DD2F9A /* GoViewController.swift */; };
/* End PBXBuildFile section */

/* Begin PBXContainerItemProxy section */
		AE48DE8A2A660B2F00BB9CA7 /* PBXContainerItemProxy */ = {
			isa = PBXContainerItemProxy;
			containerPortal = AE48DE6B2A660B2D00BB9CA7 /* Project object */;
			proxyType = 1;
			remoteGlobalIDString = AE48DE722A660B2D00BB9CA7;
			remoteInfo = AdvancedCoordinator;
		};
		AE48DE942A660B2F00BB9CA7 /* PBXContainerItemProxy */ = {
			isa = PBXContainerItemProxy;
			containerPortal = AE48DE6B2A660B2D00BB9CA7 /* Project object */;
			proxyType = 1;
			remoteGlobalIDString = AE48DE722A660B2D00BB9CA7;
			remoteInfo = AdvancedCoordinator;
		};
/* End PBXContainerItemProxy section */

/* Begin PBXFileReference section */
		AE48DE732A660B2D00BB9CA7 /* AdvancedCoordinator.app */ = {isa = PBXFileReference; explicitFileType = wrapper.application; includeInIndex = 0; path = AdvancedCoordinator.app; sourceTree = BUILT_PRODUCTS_DIR; };
		AE48DE762A660B2D00BB9CA7 /* AppDelegate.swift */ = {isa = PBXFileReference; lastKnownFileType = sourcecode.swift; path = AppDelegate.swift; sourceTree = "<group>"; };
		AE48DE7F2A660B2E00BB9CA7 /* Assets.xcassets */ = {isa = PBXFileReference; lastKnownFileType = folder.assetcatalog; path = Assets.xcassets; sourceTree = "<group>"; };
		AE48DE822A660B2E00BB9CA7 /* Base */ = {isa = PBXFileReference; lastKnownFileType = file.storyboard; name = Base; path = Base.lproj/LaunchScreen.storyboard; sourceTree = "<group>"; };
		AE48DE842A660B2E00BB9CA7 /* Info.plist */ = {isa = PBXFileReference; lastKnownFileType = text.plist.xml; path = Info.plist; sourceTree = "<group>"; };
		AE48DE892A660B2F00BB9CA7 /* AdvancedCoordinatorTests.xctest */ = {isa = PBXFileReference; explicitFileType = wrapper.cfbundle; includeInIndex = 0; path = AdvancedCoordinatorTests.xctest; sourceTree = BUILT_PRODUCTS_DIR; };
		AE48DE8D2A660B2F00BB9CA7 /* AdvancedCoordinatorTests.swift */ = {isa = PBXFileReference; lastKnownFileType = sourcecode.swift; path = AdvancedCoordinatorTests.swift; sourceTree = "<group>"; };
		AE48DE932A660B2F00BB9CA7 /* AdvancedCoordinatorUITests.xctest */ = {isa = PBXFileReference; explicitFileType = wrapper.cfbundle; includeInIndex = 0; path = AdvancedCoordinatorUITests.xctest; sourceTree = BUILT_PRODUCTS_DIR; };
		AE48DE972A660B2F00BB9CA7 /* AdvancedCoordinatorUITests.swift */ = {isa = PBXFileReference; lastKnownFileType = sourcecode.swift; path = AdvancedCoordinatorUITests.swift; sourceTree = "<group>"; };
		AE48DE992A660B2F00BB9CA7 /* AdvancedCoordinatorUITestsLaunchTests.swift */ = {isa = PBXFileReference; lastKnownFileType = sourcecode.swift; path = AdvancedCoordinatorUITestsLaunchTests.swift; sourceTree = "<group>"; };
		AE8510302A67628C000467C2 /* SceneDelegate.swift */ = {isa = PBXFileReference; lastKnownFileType = sourcecode.swift; path = SceneDelegate.swift; sourceTree = "<group>"; };
		AEABE6442A666CB400DD2F9A /* CoordinatorProtocol.swift */ = {isa = PBXFileReference; lastKnownFileType = sourcecode.swift; path = CoordinatorProtocol.swift; sourceTree = "<group>"; };
		AEABE6462A66700500DD2F9A /* AppCoordinator.swift */ = {isa = PBXFileReference; lastKnownFileType = sourcecode.swift; path = AppCoordinator.swift; sourceTree = "<group>"; };
		AEABE64A2A66780500DD2F9A /* LoginViewController.swift */ = {isa = PBXFileReference; lastKnownFileType = sourcecode.swift; path = LoginViewController.swift; sourceTree = "<group>"; };
		AEABE64D2A66782400DD2F9A /* LoginCoordinator.swift */ = {isa = PBXFileReference; lastKnownFileType = sourcecode.swift; path = LoginCoordinator.swift; sourceTree = "<group>"; };
		AEABE6502A66C5CF00DD2F9A /* TabCoordinator.swift */ = {isa = PBXFileReference; lastKnownFileType = sourcecode.swift; path = TabCoordinator.swift; sourceTree = "<group>"; };
		AEABE6522A66D1B500DD2F9A /* SteadyViewController.swift */ = {isa = PBXFileReference; lastKnownFileType = sourcecode.swift; path = SteadyViewController.swift; sourceTree = "<group>"; };
		AEABE6542A66D1C400DD2F9A /* ReadyViewController.swift */ = {isa = PBXFileReference; lastKnownFileType = sourcecode.swift; path = ReadyViewController.swift; sourceTree = "<group>"; };
		AEABE6562A66D1D400DD2F9A /* GoViewController.swift */ = {isa = PBXFileReference; lastKnownFileType = sourcecode.swift; path = GoViewController.swift; sourceTree = "<group>"; };
/* End PBXFileReference section */

/* Begin PBXFrameworksBuildPhase section */
		AE48DE702A660B2D00BB9CA7 /* Frameworks */ = {
			isa = PBXFrameworksBuildPhase;
			buildActionMask = 2147483647;
			files = (
			);
			runOnlyForDeploymentPostprocessing = 0;
		};
		AE48DE862A660B2F00BB9CA7 /* Frameworks */ = {
			isa = PBXFrameworksBuildPhase;
			buildActionMask = 2147483647;
			files = (
			);
			runOnlyForDeploymentPostprocessing = 0;
		};
		AE48DE902A660B2F00BB9CA7 /* Frameworks */ = {
			isa = PBXFrameworksBuildPhase;
			buildActionMask = 2147483647;
			files = (
			);
			runOnlyForDeploymentPostprocessing = 0;
		};
/* End PBXFrameworksBuildPhase section */

/* Begin PBXGroup section */
		AE48DE6A2A660B2D00BB9CA7 = {
			isa = PBXGroup;
			children = (
				AE48DE752A660B2D00BB9CA7 /* AdvancedCoordinator */,
				AE48DE8C2A660B2F00BB9CA7 /* AdvancedCoordinatorTests */,
				AE48DE962A660B2F00BB9CA7 /* AdvancedCoordinatorUITests */,
				AE48DE742A660B2D00BB9CA7 /* Products */,
			);
			sourceTree = "<group>";
		};
		AE48DE742A660B2D00BB9CA7 /* Products */ = {
			isa = PBXGroup;
			children = (
				AE48DE732A660B2D00BB9CA7 /* AdvancedCoordinator.app */,
				AE48DE892A660B2F00BB9CA7 /* AdvancedCoordinatorTests.xctest */,
				AE48DE932A660B2F00BB9CA7 /* AdvancedCoordinatorUITests.xctest */,
			);
			name = Products;
			sourceTree = "<group>";
		};
		AE48DE752A660B2D00BB9CA7 /* AdvancedCoordinator */ = {
			isa = PBXGroup;
			children = (
				AEABE64F2A66C56000DD2F9A /* TabBarCoordinator */,
				AEABE6492A6677F600DD2F9A /* Login */,
				AEABE6482A66756900DD2F9A /* Application */,
				AE48DE7F2A660B2E00BB9CA7 /* Assets.xcassets */,
				AE48DE812A660B2E00BB9CA7 /* LaunchScreen.storyboard */,
				AE48DE842A660B2E00BB9CA7 /* Info.plist */,
				AEABE6442A666CB400DD2F9A /* CoordinatorProtocol.swift */,
			);
			path = AdvancedCoordinator;
			sourceTree = "<group>";
		};
		AE48DE8C2A660B2F00BB9CA7 /* AdvancedCoordinatorTests */ = {
			isa = PBXGroup;
			children = (
				AE48DE8D2A660B2F00BB9CA7 /* AdvancedCoordinatorTests.swift */,
			);
			path = AdvancedCoordinatorTests;
			sourceTree = "<group>";
		};
		AE48DE962A660B2F00BB9CA7 /* AdvancedCoordinatorUITests */ = {
			isa = PBXGroup;
			children = (
				AE48DE972A660B2F00BB9CA7 /* AdvancedCoordinatorUITests.swift */,
				AE48DE992A660B2F00BB9CA7 /* AdvancedCoordinatorUITestsLaunchTests.swift */,
			);
			path = AdvancedCoordinatorUITests;
			sourceTree = "<group>";
		};
		AEABE6482A66756900DD2F9A /* Application */ = {
			isa = PBXGroup;
			children = (
				AEABE6462A66700500DD2F9A /* AppCoordinator.swift */,
				AE48DE762A660B2D00BB9CA7 /* AppDelegate.swift */,
				AE8510302A67628C000467C2 /* SceneDelegate.swift */,
			);
			path = Application;
			sourceTree = "<group>";
		};
		AEABE6492A6677F600DD2F9A /* Login */ = {
			isa = PBXGroup;
			children = (
				AEABE64A2A66780500DD2F9A /* LoginViewController.swift */,
				AEABE64D2A66782400DD2F9A /* LoginCoordinator.swift */,
			);
			path = Login;
			sourceTree = "<group>";
		};
		AEABE64F2A66C56000DD2F9A /* TabBarCoordinator */ = {
			isa = PBXGroup;
			children = (
				AEABE6502A66C5CF00DD2F9A /* TabCoordinator.swift */,
				AEABE6522A66D1B500DD2F9A /* SteadyViewController.swift */,
				AEABE6542A66D1C400DD2F9A /* ReadyViewController.swift */,
				AEABE6562A66D1D400DD2F9A /* GoViewController.swift */,
			);
			path = TabBarCoordinator;
			sourceTree = "<group>";
		};
/* End PBXGroup section */

/* Begin PBXNativeTarget section */
		AE48DE722A660B2D00BB9CA7 /* AdvancedCoordinator */ = {
			isa = PBXNativeTarget;
			buildConfigurationList = AE48DE9D2A660B2F00BB9CA7 /* Build configuration list for PBXNativeTarget "AdvancedCoordinator" */;
			buildPhases = (
				AE48DE6F2A660B2D00BB9CA7 /* Sources */,
				AE48DE702A660B2D00BB9CA7 /* Frameworks */,
				AE48DE712A660B2D00BB9CA7 /* Resources */,
			);
			buildRules = (
			);
			dependencies = (
			);
			name = AdvancedCoordinator;
			productName = AdvancedCoordinator;
			productReference = AE48DE732A660B2D00BB9CA7 /* AdvancedCoordinator.app */;
			productType = "com.apple.product-type.application";
		};
		AE48DE882A660B2F00BB9CA7 /* AdvancedCoordinatorTests */ = {
			isa = PBXNativeTarget;
			buildConfigurationList = AE48DEA02A660B2F00BB9CA7 /* Build configuration list for PBXNativeTarget "AdvancedCoordinatorTests" */;
			buildPhases = (
				AE48DE852A660B2F00BB9CA7 /* Sources */,
				AE48DE862A660B2F00BB9CA7 /* Frameworks */,
				AE48DE872A660B2F00BB9CA7 /* Resources */,
			);
			buildRules = (
			);
			dependencies = (
				AE48DE8B2A660B2F00BB9CA7 /* PBXTargetDependency */,
			);
			name = AdvancedCoordinatorTests;
			productName = AdvancedCoordinatorTests;
			productReference = AE48DE892A660B2F00BB9CA7 /* AdvancedCoordinatorTests.xctest */;
			productType = "com.apple.product-type.bundle.unit-test";
		};
		AE48DE922A660B2F00BB9CA7 /* AdvancedCoordinatorUITests */ = {
			isa = PBXNativeTarget;
			buildConfigurationList = AE48DEA32A660B2F00BB9CA7 /* Build configuration list for PBXNativeTarget "AdvancedCoordinatorUITests" */;
			buildPhases = (
				AE48DE8F2A660B2F00BB9CA7 /* Sources */,
				AE48DE902A660B2F00BB9CA7 /* Frameworks */,
				AE48DE912A660B2F00BB9CA7 /* Resources */,
			);
			buildRules = (
			);
			dependencies = (
				AE48DE952A660B2F00BB9CA7 /* PBXTargetDependency */,
			);
			name = AdvancedCoordinatorUITests;
			productName = AdvancedCoordinatorUITests;
			productReference = AE48DE932A660B2F00BB9CA7 /* AdvancedCoordinatorUITests.xctest */;
			productType = "com.apple.product-type.bundle.ui-testing";
		};
/* End PBXNativeTarget section */

/* Begin PBXProject section */
		AE48DE6B2A660B2D00BB9CA7 /* Project object */ = {
			isa = PBXProject;
			attributes = {
				BuildIndependentTargetsInParallel = 1;
				LastSwiftUpdateCheck = 1430;
				LastUpgradeCheck = 1430;
				TargetAttributes = {
					AE48DE722A660B2D00BB9CA7 = {
						CreatedOnToolsVersion = 14.3.1;
					};
					AE48DE882A660B2F00BB9CA7 = {
						CreatedOnToolsVersion = 14.3.1;
						TestTargetID = AE48DE722A660B2D00BB9CA7;
					};
					AE48DE922A660B2F00BB9CA7 = {
						CreatedOnToolsVersion = 14.3.1;
						TestTargetID = AE48DE722A660B2D00BB9CA7;
					};
				};
			};
			buildConfigurationList = AE48DE6E2A660B2D00BB9CA7 /* Build configuration list for PBXProject "AdvancedCoordinator" */;
			compatibilityVersion = "Xcode 14.0";
			developmentRegion = en;
			hasScannedForEncodings = 0;
			knownRegions = (
				en,
				Base,
			);
			mainGroup = AE48DE6A2A660B2D00BB9CA7;
			productRefGroup = AE48DE742A660B2D00BB9CA7 /* Products */;
			projectDirPath = "";
			projectRoot = "";
			targets = (
				AE48DE722A660B2D00BB9CA7 /* AdvancedCoordinator */,
				AE48DE882A660B2F00BB9CA7 /* AdvancedCoordinatorTests */,
				AE48DE922A660B2F00BB9CA7 /* AdvancedCoordinatorUITests */,
			);
		};
/* End PBXProject section */

/* Begin PBXResourcesBuildPhase section */
		AE48DE712A660B2D00BB9CA7 /* Resources */ = {
			isa = PBXResourcesBuildPhase;
			buildActionMask = 2147483647;
			files = (
				AE48DE832A660B2E00BB9CA7 /* LaunchScreen.storyboard in Resources */,
				AE48DE802A660B2E00BB9CA7 /* Assets.xcassets in Resources */,
			);
			runOnlyForDeploymentPostprocessing = 0;
		};
		AE48DE872A660B2F00BB9CA7 /* Resources */ = {
			isa = PBXResourcesBuildPhase;
			buildActionMask = 2147483647;
			files = (
			);
			runOnlyForDeploymentPostprocessing = 0;
		};
		AE48DE912A660B2F00BB9CA7 /* Resources */ = {
			isa = PBXResourcesBuildPhase;
			buildActionMask = 2147483647;
			files = (
			);
			runOnlyForDeploymentPostprocessing = 0;
		};
/* End PBXResourcesBuildPhase section */

/* Begin PBXSourcesBuildPhase section */
		AE48DE6F2A660B2D00BB9CA7 /* Sources */ = {
			isa = PBXSourcesBuildPhase;
			buildActionMask = 2147483647;
			files = (
				AEABE6552A66D1C400DD2F9A /* ReadyViewController.swift in Sources */,
				AEABE64B2A66780500DD2F9A /* LoginViewController.swift in Sources */,
				AEABE6512A66C5CF00DD2F9A /* TabCoordinator.swift in Sources */,
				AEABE6532A66D1B500DD2F9A /* SteadyViewController.swift in Sources */,
				AEABE64E2A66782400DD2F9A /* LoginCoordinator.swift in Sources */,
				AE8510312A67628C000467C2 /* SceneDelegate.swift in Sources */,
				AE48DE772A660B2D00BB9CA7 /* AppDelegate.swift in Sources */,
				AEABE6572A66D1D400DD2F9A /* GoViewController.swift in Sources */,
				AEABE6472A66700500DD2F9A /* AppCoordinator.swift in Sources */,
				AEABE6452A666CB400DD2F9A /* CoordinatorProtocol.swift in Sources */,
			);
			runOnlyForDeploymentPostprocessing = 0;
		};
		AE48DE852A660B2F00BB9CA7 /* Sources */ = {
			isa = PBXSourcesBuildPhase;
			buildActionMask = 2147483647;
			files = (
				AE48DE8E2A660B2F00BB9CA7 /* AdvancedCoordinatorTests.swift in Sources */,
			);
			runOnlyForDeploymentPostprocessing = 0;
		};
		AE48DE8F2A660B2F00BB9CA7 /* Sources */ = {
			isa = PBXSourcesBuildPhase;
			buildActionMask = 2147483647;
			files = (
				AE48DE982A660B2F00BB9CA7 /* AdvancedCoordinatorUITests.swift in Sources */,
				AE48DE9A2A660B2F00BB9CA7 /* AdvancedCoordinatorUITestsLaunchTests.swift in Sources */,
			);
			runOnlyForDeploymentPostprocessing = 0;
		};
/* End PBXSourcesBuildPhase section */

/* Begin PBXTargetDependency section */
		AE48DE8B2A660B2F00BB9CA7 /* PBXTargetDependency */ = {
			isa = PBXTargetDependency;
			target = AE48DE722A660B2D00BB9CA7 /* AdvancedCoordinator */;
			targetProxy = AE48DE8A2A660B2F00BB9CA7 /* PBXContainerItemProxy */;
		};
		AE48DE952A660B2F00BB9CA7 /* PBXTargetDependency */ = {
			isa = PBXTargetDependency;
			target = AE48DE722A660B2D00BB9CA7 /* AdvancedCoordinator */;
			targetProxy = AE48DE942A660B2F00BB9CA7 /* PBXContainerItemProxy */;
		};
/* End PBXTargetDependency section */

/* Begin PBXVariantGroup section */
		AE48DE812A660B2E00BB9CA7 /* LaunchScreen.storyboard */ = {
			isa = PBXVariantGroup;
			children = (
				AE48DE822A660B2E00BB9CA7 /* Base */,
			);
			name = LaunchScreen.storyboard;
			sourceTree = "<group>";
		};
/* End PBXVariantGroup section */

/* Begin XCBuildConfiguration section */
		AE48DE9B2A660B2F00BB9CA7 /* Debug */ = {
			isa = XCBuildConfiguration;
			buildSettings = {
				ALWAYS_SEARCH_USER_PATHS = NO;
				CLANG_ANALYZER_NONNULL = YES;
				CLANG_ANALYZER_NUMBER_OBJECT_CONVERSION = YES_AGGRESSIVE;
				CLANG_CXX_LANGUAGE_STANDARD = "gnu++20";
				CLANG_ENABLE_MODULES = YES;
				CLANG_ENABLE_OBJC_ARC = YES;
				CLANG_ENABLE_OBJC_WEAK = YES;
				CLANG_WARN_BLOCK_CAPTURE_AUTORELEASING = YES;
				CLANG_WARN_BOOL_CONVERSION = YES;
				CLANG_WARN_COMMA = YES;
				CLANG_WARN_CONSTANT_CONVERSION = YES;
				CLANG_WARN_DEPRECATED_OBJC_IMPLEMENTATIONS = YES;
				CLANG_WARN_DIRECT_OBJC_ISA_USAGE = YES_ERROR;
				CLANG_WARN_DOCUMENTATION_COMMENTS = YES;
				CLANG_WARN_EMPTY_BODY = YES;
				CLANG_WARN_ENUM_CONVERSION = YES;
				CLANG_WARN_INFINITE_RECURSION = YES;
				CLANG_WARN_INT_CONVERSION = YES;
				CLANG_WARN_NON_LITERAL_NULL_CONVERSION = YES;
				CLANG_WARN_OBJC_IMPLICIT_RETAIN_SELF = YES;
				CLANG_WARN_OBJC_LITERAL_CONVERSION = YES;
				CLANG_WARN_OBJC_ROOT_CLASS = YES_ERROR;
				CLANG_WARN_QUOTED_INCLUDE_IN_FRAMEWORK_HEADER = YES;
				CLANG_WARN_RANGE_LOOP_ANALYSIS = YES;
				CLANG_WARN_STRICT_PROTOTYPES = YES;
				CLANG_WARN_SUSPICIOUS_MOVE = YES;
				CLANG_WARN_UNGUARDED_AVAILABILITY = YES_AGGRESSIVE;
				CLANG_WARN_UNREACHABLE_CODE = YES;
				CLANG_WARN__DUPLICATE_METHOD_MATCH = YES;
				COPY_PHASE_STRIP = NO;
				DEBUG_INFORMATION_FORMAT = dwarf;
				ENABLE_STRICT_OBJC_MSGSEND = YES;
				ENABLE_TESTABILITY = YES;
				GCC_C_LANGUAGE_STANDARD = gnu11;
				GCC_DYNAMIC_NO_PIC = NO;
				GCC_NO_COMMON_BLOCKS = YES;
				GCC_OPTIMIZATION_LEVEL = 0;
				GCC_PREPROCESSOR_DEFINITIONS = (
					"DEBUG=1",
					"$(inherited)",
				);
				GCC_WARN_64_TO_32_BIT_CONVERSION = YES;
				GCC_WARN_ABOUT_RETURN_TYPE = YES_ERROR;
				GCC_WARN_UNDECLARED_SELECTOR = YES;
				GCC_WARN_UNINITIALIZED_AUTOS = YES_AGGRESSIVE;
				GCC_WARN_UNUSED_FUNCTION = YES;
				GCC_WARN_UNUSED_VARIABLE = YES;
				IPHONEOS_DEPLOYMENT_TARGET = 16.4;
				MTL_ENABLE_DEBUG_INFO = INCLUDE_SOURCE;
				MTL_FAST_MATH = YES;
				ONLY_ACTIVE_ARCH = YES;
				SDKROOT = iphoneos;
				SWIFT_ACTIVE_COMPILATION_CONDITIONS = DEBUG;
				SWIFT_OPTIMIZATION_LEVEL = "-Onone";
			};
			name = Debug;
		};
		AE48DE9C2A660B2F00BB9CA7 /* Release */ = {
			isa = XCBuildConfiguration;
			buildSettings = {
				ALWAYS_SEARCH_USER_PATHS = NO;
				CLANG_ANALYZER_NONNULL = YES;
				CLANG_ANALYZER_NUMBER_OBJECT_CONVERSION = YES_AGGRESSIVE;
				CLANG_CXX_LANGUAGE_STANDARD = "gnu++20";
				CLANG_ENABLE_MODULES = YES;
				CLANG_ENABLE_OBJC_ARC = YES;
				CLANG_ENABLE_OBJC_WEAK = YES;
				CLANG_WARN_BLOCK_CAPTURE_AUTORELEASING = YES;
				CLANG_WARN_BOOL_CONVERSION = YES;
				CLANG_WARN_COMMA = YES;
				CLANG_WARN_CONSTANT_CONVERSION = YES;
				CLANG_WARN_DEPRECATED_OBJC_IMPLEMENTATIONS = YES;
				CLANG_WARN_DIRECT_OBJC_ISA_USAGE = YES_ERROR;
				CLANG_WARN_DOCUMENTATION_COMMENTS = YES;
				CLANG_WARN_EMPTY_BODY = YES;
				CLANG_WARN_ENUM_CONVERSION = YES;
				CLANG_WARN_INFINITE_RECURSION = YES;
				CLANG_WARN_INT_CONVERSION = YES;
				CLANG_WARN_NON_LITERAL_NULL_CONVERSION = YES;
				CLANG_WARN_OBJC_IMPLICIT_RETAIN_SELF = YES;
				CLANG_WARN_OBJC_LITERAL_CONVERSION = YES;
				CLANG_WARN_OBJC_ROOT_CLASS = YES_ERROR;
				CLANG_WARN_QUOTED_INCLUDE_IN_FRAMEWORK_HEADER = YES;
				CLANG_WARN_RANGE_LOOP_ANALYSIS = YES;
				CLANG_WARN_STRICT_PROTOTYPES = YES;
				CLANG_WARN_SUSPICIOUS_MOVE = YES;
				CLANG_WARN_UNGUARDED_AVAILABILITY = YES_AGGRESSIVE;
				CLANG_WARN_UNREACHABLE_CODE = YES;
				CLANG_WARN__DUPLICATE_METHOD_MATCH = YES;
				COPY_PHASE_STRIP = NO;
				DEBUG_INFORMATION_FORMAT = "dwarf-with-dsym";
				ENABLE_NS_ASSERTIONS = NO;
				ENABLE_STRICT_OBJC_MSGSEND = YES;
				GCC_C_LANGUAGE_STANDARD = gnu11;
				GCC_NO_COMMON_BLOCKS = YES;
				GCC_WARN_64_TO_32_BIT_CONVERSION = YES;
				GCC_WARN_ABOUT_RETURN_TYPE = YES_ERROR;
				GCC_WARN_UNDECLARED_SELECTOR = YES;
				GCC_WARN_UNINITIALIZED_AUTOS = YES_AGGRESSIVE;
				GCC_WARN_UNUSED_FUNCTION = YES;
				GCC_WARN_UNUSED_VARIABLE = YES;
				IPHONEOS_DEPLOYMENT_TARGET = 16.4;
				MTL_ENABLE_DEBUG_INFO = NO;
				MTL_FAST_MATH = YES;
				SDKROOT = iphoneos;
				SWIFT_COMPILATION_MODE = wholemodule;
				SWIFT_OPTIMIZATION_LEVEL = "-O";
				VALIDATE_PRODUCT = YES;
			};
			name = Release;
		};
		AE48DE9E2A660B2F00BB9CA7 /* Debug */ = {
			isa = XCBuildConfiguration;
			buildSettings = {
				ASSETCATALOG_COMPILER_APPICON_NAME = AppIcon;
				ASSETCATALOG_COMPILER_GLOBAL_ACCENT_COLOR_NAME = AccentColor;
				CODE_SIGN_STYLE = Automatic;
				CURRENT_PROJECT_VERSION = 1;
				GENERATE_INFOPLIST_FILE = YES;
				INFOPLIST_FILE = AdvancedCoordinator/Info.plist;
				INFOPLIST_KEY_UIApplicationSupportsIndirectInputEvents = YES;
				INFOPLIST_KEY_UILaunchStoryboardName = LaunchScreen;
				INFOPLIST_KEY_UIMainStoryboardFile = Main;
				INFOPLIST_KEY_UISupportedInterfaceOrientations_iPad = "UIInterfaceOrientationPortrait UIInterfaceOrientationPortraitUpsideDown UIInterfaceOrientationLandscapeLeft UIInterfaceOrientationLandscapeRight";
				INFOPLIST_KEY_UISupportedInterfaceOrientations_iPhone = "UIInterfaceOrientationPortrait UIInterfaceOrientationLandscapeLeft UIInterfaceOrientationLandscapeRight";
				LD_RUNPATH_SEARCH_PATHS = (
					"$(inherited)",
					"@executable_path/Frameworks",
				);
				MARKETING_VERSION = 1.0;
				PRODUCT_BUNDLE_IDENTIFIER = com.hwanny.AdvancedCoordinator;
				PRODUCT_NAME = "$(TARGET_NAME)";
				SWIFT_EMIT_LOC_STRINGS = YES;
				SWIFT_VERSION = 5.0;
				TARGETED_DEVICE_FAMILY = "1,2";
			};
			name = Debug;
		};
		AE48DE9F2A660B2F00BB9CA7 /* Release */ = {
			isa = XCBuildConfiguration;
			buildSettings = {
				ASSETCATALOG_COMPILER_APPICON_NAME = AppIcon;
				ASSETCATALOG_COMPILER_GLOBAL_ACCENT_COLOR_NAME = AccentColor;
				CODE_SIGN_STYLE = Automatic;
				CURRENT_PROJECT_VERSION = 1;
				GENERATE_INFOPLIST_FILE = YES;
				INFOPLIST_FILE = AdvancedCoordinator/Info.plist;
				INFOPLIST_KEY_UIApplicationSupportsIndirectInputEvents = YES;
				INFOPLIST_KEY_UILaunchStoryboardName = LaunchScreen;
				INFOPLIST_KEY_UIMainStoryboardFile = Main;
				INFOPLIST_KEY_UISupportedInterfaceOrientations_iPad = "UIInterfaceOrientationPortrait UIInterfaceOrientationPortraitUpsideDown UIInterfaceOrientationLandscapeLeft UIInterfaceOrientationLandscapeRight";
				INFOPLIST_KEY_UISupportedInterfaceOrientations_iPhone = "UIInterfaceOrientationPortrait UIInterfaceOrientationLandscapeLeft UIInterfaceOrientationLandscapeRight";
				LD_RUNPATH_SEARCH_PATHS = (
					"$(inherited)",
					"@executable_path/Frameworks",
				);
				MARKETING_VERSION = 1.0;
				PRODUCT_BUNDLE_IDENTIFIER = com.hwanny.AdvancedCoordinator;
				PRODUCT_NAME = "$(TARGET_NAME)";
				SWIFT_EMIT_LOC_STRINGS = YES;
				SWIFT_VERSION = 5.0;
				TARGETED_DEVICE_FAMILY = "1,2";
			};
			name = Release;
		};
		AE48DEA12A660B2F00BB9CA7 /* Debug */ = {
			isa = XCBuildConfiguration;
			buildSettings = {
				ALWAYS_EMBED_SWIFT_STANDARD_LIBRARIES = YES;
				BUNDLE_LOADER = "$(TEST_HOST)";
				CODE_SIGN_STYLE = Automatic;
				CURRENT_PROJECT_VERSION = 1;
				GENERATE_INFOPLIST_FILE = YES;
				IPHONEOS_DEPLOYMENT_TARGET = 16.4;
				MARKETING_VERSION = 1.0;
				PRODUCT_BUNDLE_IDENTIFIER = com.hwanny.AdvancedCoordinatorTests;
				PRODUCT_NAME = "$(TARGET_NAME)";
				SWIFT_EMIT_LOC_STRINGS = NO;
				SWIFT_VERSION = 5.0;
				TARGETED_DEVICE_FAMILY = "1,2";
				TEST_HOST = "$(BUILT_PRODUCTS_DIR)/AdvancedCoordinator.app/$(BUNDLE_EXECUTABLE_FOLDER_PATH)/AdvancedCoordinator";
			};
			name = Debug;
		};
		AE48DEA22A660B2F00BB9CA7 /* Release */ = {
			isa = XCBuildConfiguration;
			buildSettings = {
				ALWAYS_EMBED_SWIFT_STANDARD_LIBRARIES = YES;
				BUNDLE_LOADER = "$(TEST_HOST)";
				CODE_SIGN_STYLE = Automatic;
				CURRENT_PROJECT_VERSION = 1;
				GENERATE_INFOPLIST_FILE = YES;
				IPHONEOS_DEPLOYMENT_TARGET = 16.4;
				MARKETING_VERSION = 1.0;
				PRODUCT_BUNDLE_IDENTIFIER = com.hwanny.AdvancedCoordinatorTests;
				PRODUCT_NAME = "$(TARGET_NAME)";
				SWIFT_EMIT_LOC_STRINGS = NO;
				SWIFT_VERSION = 5.0;
				TARGETED_DEVICE_FAMILY = "1,2";
				TEST_HOST = "$(BUILT_PRODUCTS_DIR)/AdvancedCoordinator.app/$(BUNDLE_EXECUTABLE_FOLDER_PATH)/AdvancedCoordinator";
			};
			name = Release;
		};
		AE48DEA42A660B2F00BB9CA7 /* Debug */ = {
			isa = XCBuildConfiguration;
			buildSettings = {
				ALWAYS_EMBED_SWIFT_STANDARD_LIBRARIES = YES;
				CODE_SIGN_STYLE = Automatic;
				CURRENT_PROJECT_VERSION = 1;
				GENERATE_INFOPLIST_FILE = YES;
				MARKETING_VERSION = 1.0;
				PRODUCT_BUNDLE_IDENTIFIER = com.hwanny.AdvancedCoordinatorUITests;
				PRODUCT_NAME = "$(TARGET_NAME)";
				SWIFT_EMIT_LOC_STRINGS = NO;
				SWIFT_VERSION = 5.0;
				TARGETED_DEVICE_FAMILY = "1,2";
				TEST_TARGET_NAME = AdvancedCoordinator;
			};
			name = Debug;
		};
		AE48DEA52A660B2F00BB9CA7 /* Release */ = {
			isa = XCBuildConfiguration;
			buildSettings = {
				ALWAYS_EMBED_SWIFT_STANDARD_LIBRARIES = YES;
				CODE_SIGN_STYLE = Automatic;
				CURRENT_PROJECT_VERSION = 1;
				GENERATE_INFOPLIST_FILE = YES;
				MARKETING_VERSION = 1.0;
				PRODUCT_BUNDLE_IDENTIFIER = com.hwanny.AdvancedCoordinatorUITests;
				PRODUCT_NAME = "$(TARGET_NAME)";
				SWIFT_EMIT_LOC_STRINGS = NO;
				SWIFT_VERSION = 5.0;
				TARGETED_DEVICE_FAMILY = "1,2";
				TEST_TARGET_NAME = AdvancedCoordinator;
			};
			name = Release;
		};
/* End XCBuildConfiguration section */

/* Begin XCConfigurationList section */
		AE48DE6E2A660B2D00BB9CA7 /* Build configuration list for PBXProject "AdvancedCoordinator" */ = {
			isa = XCConfigurationList;
			buildConfigurations = (
				AE48DE9B2A660B2F00BB9CA7 /* Debug */,
				AE48DE9C2A660B2F00BB9CA7 /* Release */,
			);
			defaultConfigurationIsVisible = 0;
			defaultConfigurationName = Release;
		};
		AE48DE9D2A660B2F00BB9CA7 /* Build configuration list for PBXNativeTarget "AdvancedCoordinator" */ = {
			isa = XCConfigurationList;
			buildConfigurations = (
				AE48DE9E2A660B2F00BB9CA7 /* Debug */,
				AE48DE9F2A660B2F00BB9CA7 /* Release */,
			);
			defaultConfigurationIsVisible = 0;
			defaultConfigurationName = Release;
		};
		AE48DEA02A660B2F00BB9CA7 /* Build configuration list for PBXNativeTarget "AdvancedCoordinatorTests" */ = {
			isa = XCConfigurationList;
			buildConfigurations = (
				AE48DEA12A660B2F00BB9CA7 /* Debug */,
				AE48DEA22A660B2F00BB9CA7 /* Release */,
			);
			defaultConfigurationIsVisible = 0;
			defaultConfigurationName = Release;
		};
		AE48DEA32A660B2F00BB9CA7 /* Build configuration list for PBXNativeTarget "AdvancedCoordinatorUITests" */ = {
			isa = XCConfigurationList;
			buildConfigurations = (
				AE48DEA42A660B2F00BB9CA7 /* Debug */,
				AE48DEA52A660B2F00BB9CA7 /* Release */,
			);
			defaultConfigurationIsVisible = 0;
			defaultConfigurationName = Release;
		};
/* End XCConfigurationList section */
	};
	rootObject = AE48DE6B2A660B2D00BB9CA7 /* Project object */;
}
